
Microsoft Visual Studio Solution File, Format Version 12.00
# Visual Studio Express 2012 for Windows Desktop
Project("{FAE04EC0-301F-11D3-BF4B-00C04F79EFBC}") = "TriangleCalc", "Triangle\TriangleCalc.csproj", "{A56E9A21-944D-424A-B581-C76BAD8FC7FF}"
EndProject
Project("{FAE04EC0-301F-11D3-BF4B-00C04F79EFBC}") = "TriangleTest", "TriangleTest\TriangleTest.csproj", "{ABCBDED1-E7FF-4BB2-A4A0-E78ED71653C2}"
EndProject
Global
	GlobalSection(SolutionConfigurationPlatforms) = preSolution
		Debug|Any CPU = Debug|Any CPU
		Release|Any CPU = Release|Any CPU
	EndGlobalSection
	GlobalSection(ProjectConfigurationPlatforms) = postSolution
		{A56E9A21-944D-424A-B581-C76BAD8FC7FF}.Debug|Any CPU.ActiveCfg = Debug|Any CPU
		{A56E9A21-944D-424A-B581-C76BAD8FC7FF}.Debug|Any CPU.Build.0 = Debug|Any CPU
		{A56E9A21-944D-424A-B581-C76BAD8FC7FF}.Release|Any CPU.ActiveCfg = Release|Any CPU
		{A56E9A21-944D-424A-B581-C76BAD8FC7FF}.Release|Any CPU.Build.0 = Release|Any CPU
		{ABCBDED1-E7FF-4BB2-A4A0-E78ED71653C2}.Debug|Any CPU.ActiveCfg = Debug|Any CPU
		{ABCBDED1-E7FF-4BB2-A4A0-E78ED71653C2}.Debug|Any CPU.Build.0 = Debug|Any CPU
		{ABCBDED1-E7FF-4BB2-A4A0-E78ED71653C2}.Release|Any CPU.ActiveCfg = Release|Any CPU
		{ABCBDED1-E7FF-4BB2-A4A0-E78ED71653C2}.Release|Any CPU.Build.0 = Release|Any CPU
	EndGlobalSection
	GlobalSection(SolutionProperties) = preSolution
		HideSolutionNode = FALSE
	EndGlobalSection
EndGlobal
